
Microsoft Visual Studio Solution File, Format Version 12.00
# Visual Studio 15
VisualStudioVersion = 15.0.27130.2010
MinimumVisualStudioVersion = 10.0.40219.1
Project("{FAE04EC0-301F-11D3-BF4B-00C04F79EFBC}") = "Interface", "Omega\Interface.csproj", "{FB63D2FD-8AB6-48B2-9946-683FE4FBD93C}"
EndProject
Project("{FAE04EC0-301F-11D3-BF4B-00C04F79EFBC}") = "AccesoDatos", "AccesoDatos\AccesoDatos.csproj", "{B073DC0B-1FC3-40F0-9827-C1EC5AC330DD}"
EndProject
Project("{FAE04EC0-301F-11D3-BF4B-00C04F79EFBC}") = "ReglaDeNegocios", "ReglaDeNegocios\ReglaDeNegocios.csproj", "{D9E1F78C-1023-4A4B-BA25-61615B009621}"
EndProject
Project("{FAE04EC0-301F-11D3-BF4B-00C04F79EFBC}") = "Entidades", "Entities\Entidades.csproj", "{E03CFF17-32EC-4711-87E0-9E61100608A7}"
EndProject
Global
	GlobalSection(SolutionConfigurationPlatforms) = preSolution
		Debug|Any CPU = Debug|Any CPU
		Release|Any CPU = Release|Any CPU
	EndGlobalSection
	GlobalSection(ProjectConfigurationPlatforms) = postSolution
		{FB63D2FD-8AB6-48B2-9946-683FE4FBD93C}.Debug|Any CPU.ActiveCfg = Debug|Any CPU
		{FB63D2FD-8AB6-48B2-9946-683FE4FBD93C}.Debug|Any CPU.Build.0 = Debug|Any CPU
		{FB63D2FD-8AB6-48B2-9946-683FE4FBD93C}.Release|Any CPU.ActiveCfg = Release|Any CPU
		{FB63D2FD-8AB6-48B2-9946-683FE4FBD93C}.Release|Any CPU.Build.0 = Release|Any CPU
		{B073DC0B-1FC3-40F0-9827-C1EC5AC330DD}.Debug|Any CPU.ActiveCfg = Debug|Any CPU
		{B073DC0B-1FC3-40F0-9827-C1EC5AC330DD}.Debug|Any CPU.Build.0 = Debug|Any CPU
		{B073DC0B-1FC3-40F0-9827-C1EC5AC330DD}.Release|Any CPU.ActiveCfg = Release|Any CPU
		{B073DC0B-1FC3-40F0-9827-C1EC5AC330DD}.Release|Any CPU.Build.0 = Release|Any CPU
		{D9E1F78C-1023-4A4B-BA25-61615B009621}.Debug|Any CPU.ActiveCfg = Debug|Any CPU
		{D9E1F78C-1023-4A4B-BA25-61615B009621}.Debug|Any CPU.Build.0 = Debug|Any CPU
		{D9E1F78C-1023-4A4B-BA25-61615B009621}.Release|Any CPU.ActiveCfg = Release|Any CPU
		{D9E1F78C-1023-4A4B-BA25-61615B009621}.Release|Any CPU.Build.0 = Release|Any CPU
		{E03CFF17-32EC-4711-87E0-9E61100608A7}.Debug|Any CPU.ActiveCfg = Debug|Any CPU
		{E03CFF17-32EC-4711-87E0-9E61100608A7}.Debug|Any CPU.Build.0 = Debug|Any CPU
		{E03CFF17-32EC-4711-87E0-9E61100608A7}.Release|Any CPU.ActiveCfg = Release|Any CPU
		{E03CFF17-32EC-4711-87E0-9E61100608A7}.Release|Any CPU.Build.0 = Release|Any CPU
	EndGlobalSection
	GlobalSection(SolutionProperties) = preSolution
		HideSolutionNode = FALSE
	EndGlobalSection
	GlobalSection(ExtensibilityGlobals) = postSolution
		SolutionGuid = {C9D86542-2060-4B66-ABD2-870DA3DD6339}
	EndGlobalSection
EndGlobal
